// !$*UTF8*$!
{
	archiveVersion = 1;
	classes = {
	};
	objectVersion = 46;
	objects = {

/* Begin PBXBuildFile section */
		C56775FA1F21FDBC002BA33F /* LogBox.m in Sources */ = {isa = PBXBuildFile; fileRef = C56775F91F21FDBC002BA33F /* LogBox.m */; };
		C56775FB1F21FDBC002BA33F /* LogBox.h in CopyFiles */ = {isa = PBXBuildFile; fileRef = C56775F81F21FDBC002BA33F /* LogBox.h */; };
/* End PBXBuildFile section */

/* Begin PBXCopyFilesBuildPhase section */
		C56775F31F21FDBC002BA33F /* CopyFiles */ = {
			isa = PBXCopyFilesBuildPhase;
			buildActionMask = 2147483647;
			dstPath = "include/$(PRODUCT_NAME)";
			dstSubfolderSpec = 16;
			files = (
				C56775FB1F21FDBC002BA33F /* LogBox.h in CopyFiles */,
			);
			runOnlyForDeploymentPostprocessing = 0;
		};
/* End PBXCopyFilesBuildPhase section */

/* Begin PBXFileReference section */
		C56775F51F21FDBC002BA33F /* libLogBox.a */ = {isa = PBXFileReference; explicitFileType = archive.ar; includeInIndex = 0; path = libLogBox.a; sourceTree = BUILT_PRODUCTS_DIR; };
		C56775F81F21FDBC002BA33F /* LogBox.h */ = {isa = PBXFileReference; lastKnownFileType = sourcecode.c.h; path = LogBox.h; sourceTree = "<group>"; };
		C56775F91F21FDBC002BA33F /* LogBox.m */ = {isa = PBXFileReference; lastKnownFileType = sourcecode.c.objc; path = LogBox.m; sourceTree = "<group>"; };
		C567763A1F220D2E002BA33F /* UIKit.framework */ = {isa = PBXFileReference; lastKnownFileType = wrapper.framework; name = UIKit.framework; path = System/Library/Frameworks/UIKit.framework; sourceTree = SDKROOT; };
/* End PBXFileReference section */

/* Begin PBXFrameworksBuildPhase section */
		C56775F21F21FDBC002BA33F /* Frameworks */ = {
			isa = PBXFrameworksBuildPhase;
			buildActionMask = 2147483647;
			files = (
			);
			runOnlyForDeploymentPostprocessing = 0;
		};
/* End PBXFrameworksBuildPhase section */

/* Begin PBXGroup section */
		C56775EC1F21FDBC002BA33F = {
			isa = PBXGroup;
			children = (
				C56775F71F21FDBC002BA33F /* LogBox */,
				C56775F61F21FDBC002BA33F /* Products */,
				C56776391F220D2E002BA33F /* Frameworks */,
			);
			sourceTree = "<group>";
		};
		C56775F61F21FDBC002BA33F /* Products */ = {
			isa = PBXGroup;
			children = (
				C56775F51F21FDBC002BA33F /* libLogBox.a */,
			);
			name = Products;
			sourceTree = "<group>";
		};
		C56775F71F21FDBC002BA33F /* LogBox */ = {
			isa = PBXGroup;
			children = (
				C56775F81F21FDBC002BA33F /* LogBox.h */,
				C56775F91F21FDBC002BA33F /* LogBox.m */,
			);
			path = LogBox;
			sourceTree = "<group>";
		};
		C56776391F220D2E002BA33F /* Frameworks */ = {
			isa = PBXGroup;
			children = (
				C567763A1F220D2E002BA33F /* UIKit.framework */,
			);
			name = Frameworks;
			sourceTree = "<group>";
		};
/* End PBXGroup section */

/* Begin PBXNativeTarget section */
		C56775F41F21FDBC002BA33F /* LogBox */ = {
			isa = PBXNativeTarget;
			buildConfigurationList = C56775FE1F21FDBC002BA33F /* Build configuration list for PBXNativeTarget "LogBox" */;
			buildPhases = (
				C56775F11F21FDBC002BA33F /* Sources */,
				C56775F21F21FDBC002BA33F /* Frameworks */,
				C56775F31F21FDBC002BA33F /* CopyFiles */,
			);
			buildRules = (
			);
			dependencies = (
			);
			name = LogBox;
			productName = LogBox;
			productReference = C56775F51F21FDBC002BA33F /* libLogBox.a */;
			productType = "com.apple.product-type.library.static";
		};
/* End PBXNativeTarget section */

/* Begin PBXProject section */
		C56775ED1F21FDBC002BA33F /* Project object */ = {
			isa = PBXProject;
			attributes = {
				LastUpgradeCheck = 0830;
				ORGANIZATIONNAME = com.qiyi;
				TargetAttributes = {
					C56775F41F21FDBC002BA33F = {
						CreatedOnToolsVersion = 8.3.3;
						DevelopmentTeam = 27A282F54N;
						ProvisioningStyle = Automatic;
					};
				};
			};
			buildConfigurationList = C56775F01F21FDBC002BA33F /* Build configuration list for PBXProject "LogBox" */;
			compatibilityVersion = "Xcode 3.2";
			developmentRegion = English;
			hasScannedForEncodings = 0;
			knownRegions = (
				en,
			);
			mainGroup = C56775EC1F21FDBC002BA33F;
			productRefGroup = C56775F61F21FDBC002BA33F /* Products */;
			projectDirPath = "";
			projectRoot = "";
			targets = (
				C56775F41F21FDBC002BA33F /* LogBox */,
			);
		};
/* End PBXProject section */

/* Begin PBXSourcesBuildPhase section */
		C56775F11F21FDBC002BA33F /* Sources */ = {
			isa = PBXSourcesBuildPhase;
			buildActionMask = 2147483647;
			files = (
				C56775FA1F21FDBC002BA33F /* LogBox.m in Sources */,
			);
			runOnlyForDeploymentPostprocessing = 0;
		};
/* End PBXSourcesBuildPhase section */

/* Begin XCBuildConfiguration section */
		C56775FC1F21FDBC002BA33F /* Debug */ = {
			isa = XCBuildConfiguration;
			buildSettings = {
				ALWAYS_SEARCH_USER_PATHS = NO;
				CLANG_ANALYZER_NONNULL = YES;
				CLANG_ANALYZER_NUMBER_OBJECT_CONVERSION = YES_AGGRESSIVE;
				CLANG_CXX_LANGUAGE_STANDARD = "gnu++0x";
				CLANG_CXX_LIBRARY = "libc++";
				CLANG_ENABLE_MODULES = YES;
				CLANG_ENABLE_OBJC_ARC = YES;
				CLANG_WARN_BOOL_CONVERSION = YES;
				CLANG_WARN_CONSTANT_CONVERSION = YES;
				CLANG_WARN_DIRECT_OBJC_ISA_USAGE = YES_ERROR;
				CLANG_WARN_DOCUMENTATION_COMMENTS = YES;
				CLANG_WARN_EMPTY_BODY = YES;
				CLANG_WARN_ENUM_CONVERSION = YES;
				CLANG_WARN_INFINITE_RECURSION = YES;
				CLANG_WARN_INT_CONVERSION = YES;
				CLANG_WARN_OBJC_ROOT_CLASS = YES_ERROR;
				CLANG_WARN_SUSPICIOUS_MOVE = YES;
				CLANG_WARN_UNREACHABLE_CODE = YES;
				CLANG_WARN__DUPLICATE_METHOD_MATCH = YES;
				"CODE_SIGN_IDENTITY[sdk=iphoneos*]" = "iPhone Developer";
				COPY_PHASE_STRIP = NO;
				DEBUG_INFORMATION_FORMAT = dwarf;
				ENABLE_STRICT_OBJC_MSGSEND = YES;
				ENABLE_TESTABILITY = YES;
				GCC_C_LANGUAGE_STANDARD = gnu99;
				GCC_DYNAMIC_NO_PIC = NO;
				GCC_NO_COMMON_BLOCKS = YES;
				GCC_OPTIMIZATION_LEVEL = 0;
				GCC_PREPROCESSOR_DEFINITIONS = (
					"DEBUG=1",
					"$(inherited)",
				);
				GCC_WARN_64_TO_32_BIT_CONVERSION = YES;
				GCC_WARN_ABOUT_RETURN_TYPE = YES_ERROR;
				GCC_WARN_UNDECLARED_SELECTOR = YES;
				GCC_WARN_UNINITIALIZED_AUTOS = YES_AGGRESSIVE;
				GCC_WARN_UNUSED_FUNCTION = YES;
				GCC_WARN_UNUSED_VARIABLE = YES;
				IPHONEOS_DEPLOYMENT_TARGET = 10.3;
				MTL_ENABLE_DEBUG_INFO = YES;
				ONLY_ACTIVE_ARCH = YES;
				SDKROOT = iphoneos;
			};
			name = Debug;
		};
		C56775FD1F21FDBC002BA33F /* Release */ = {
			isa = XCBuildConfiguration;
			buildSettings = {
				ALWAYS_SEARCH_USER_PATHS = NO;
				CLANG_ANALYZER_NONNULL = YES;
				CLANG_ANALYZER_NUMBER_OBJECT_CONVERSION = YES_AGGRESSIVE;
				CLANG_CXX_LANGUAGE_STANDARD = "gnu++0x";
				CLANG_CXX_LIBRARY = "libc++";
				CLANG_ENABLE_MODULES = YES;
				CLANG_ENABLE_OBJC_ARC = YES;
				CLANG_WARN_BOOL_CONVERSION = YES;
				CLANG_WARN_CONSTANT_CONVERSION = YES;
				CLANG_WARN_DIRECT_OBJC_ISA_USAGE = YES_ERROR;
				CLANG_WARN_DOCUMENTATION_COMMENTS = YES;
				CLANG_WARN_EMPTY_BODY = YES;
				CLANG_WARN_ENUM_CONVERSION = YES;
				CLANG_WARN_INFINITE_RECURSION = YES;
				CLANG_WARN_INT_CONVERSION = YES;
				CLANG_WARN_OBJC_ROOT_CLASS = YES_ERROR;
				CLANG_WARN_SUSPICIOUS_MOVE = YES;
				CLANG_WARN_UNREACHABLE_CODE = YES;
				CLANG_WARN__DUPLICATE_METHOD_MATCH = YES;
				"CODE_SIGN_IDENTITY[sdk=iphoneos*]" = "iPhone Developer";
				COPY_PHASE_STRIP = NO;
				DEBUG_INFORMATION_FORMAT = "dwarf-with-dsym";
				ENABLE_NS_ASSERTIONS = NO;
				ENABLE_STRICT_OBJC_MSGSEND = YES;
				GCC_C_LANGUAGE_STANDARD = gnu99;
				GCC_NO_COMMON_BLOCKS = YES;
				GCC_WARN_64_TO_32_BIT_CONVERSION = YES;
				GCC_WARN_ABOUT_RETURN_TYPE = YES_ERROR;
				GCC_WARN_UNDECLARED_SELECTOR = YES;
				GCC_WARN_UNINITIALIZED_AUTOS = YES_AGGRESSIVE;
				GCC_WARN_UNUSED_FUNCTION = YES;
				GCC_WARN_UNUSED_VARIABLE = YES;
				IPHONEOS_DEPLOYMENT_TARGET = 10.3;
				MTL_ENABLE_DEBUG_INFO = NO;
				SDKROOT = iphoneos;
				VALIDATE_PRODUCT = YES;
			};
			name = Release;
		};
		C56775FF1F21FDBC002BA33F /* Debug */ = {
			isa = XCBuildConfiguration;
			buildSettings = {
				DEVELOPMENT_TEAM = 27A282F54N;
				ONLY_ACTIVE_ARCH = NO;
				OTHER_LDFLAGS = "-ObjC";
				PRODUCT_NAME = "$(TARGET_NAME)";
				SKIP_INSTALL = YES;
			};
			name = Debug;
		};
		C56776001F21FDBC002BA33F /* Release */ = {
			isa = XCBuildConfiguration;
			buildSettings = {
				DEVELOPMENT_TEAM = 27A282F54N;
				ONLY_ACTIVE_ARCH = NO;
				OTHER_LDFLAGS = "-ObjC";
				PRODUCT_NAME = "$(TARGET_NAME)";
				SKIP_INSTALL = YES;
			};
			name = Release;
		};
/* End XCBuildConfiguration section */

/* Begin XCConfigurationList section */
		C56775F01F21FDBC002BA33F /* Build configuration list for PBXProject "LogBox" */ = {
			isa = XCConfigurationList;
			buildConfigurations = (
				C56775FC1F21FDBC002BA33F /* Debug */,
				C56775FD1F21FDBC002BA33F /* Release */,
			);
			defaultConfigurationIsVisible = 0;
			defaultConfigurationName = Release;
		};
		C56775FE1F21FDBC002BA33F /* Build configuration list for PBXNativeTarget "LogBox" */ = {
			isa = XCConfigurationList;
			buildConfigurations = (
				C56775FF1F21FDBC002BA33F /* Debug */,
				C56776001F21FDBC002BA33F /* Release */,
			);
			defaultConfigurationIsVisible = 0;
			defaultConfigurationName = Release;
		};
/* End XCConfigurationList section */
	};
	rootObject = C56775ED1F21FDBC002BA33F /* Project object */;
}
